<?xml version="1.0" encoding="UTF-8" standalone="yes" ?>
<CodeBlocks_project_file>
	<FileVersion major="1" minor="6" />
	<Project>
		<Option title="Optimalization" />
		<Option pch_mode="2" />
		<Option compiler="gcc" />
		<Build>
			<Target title="Debug">
				<Option output="bin/Debug/Optimalization" prefix_auto="1" extension_auto="1" />
				<Option object_output="obj/Debug/" />
				<Option type="1" />
				<Option compiler="gcc" />
				<Compiler>
					<Add option="-std=c++1z" />
					<Add option="-g" />
				</Compiler>
				<ResourceCompiler>
					<Add directory="E:/Cpp Projects/Optimalization/" />
				</ResourceCompiler>
			</Target>
			<Target title="Release">
				<Option output="bin/Release/Optimalization" prefix_auto="1" extension_auto="1" />
				<Option object_output="obj/Release/" />
				<Option type="1" />
				<Option compiler="gcc" />
				<Compiler>
					<Add option="-O2" />
					<Add option="-std=c++1z" />
				</Compiler>
				<Linker>
					<Add option="-s" />
				</Linker>
			</Target>
			<Target title="Test">
				<Option output="Optimalization" prefix_auto="1" extension_auto="1" />
				<Option type="0" />
				<Option compiler="gcc" />
				<Compiler>
					<Add option="-std=c++1z" />
				</Compiler>
			</Target>
		</Build>
		<Compiler>
			<Add option="-Wall" />
			<Add option="-fexceptions" />
		</Compiler>
		<Unit filename="sources/algorithms/sorting.cpp">
			<Option target="Debug" />
			<Option target="Release" />
		</Unit>
		<Unit filename="sources/algorithms/sorting.hpp">
			<Option target="Debug" />
			<Option target="Release" />
		</Unit>
		<Unit filename="sources/dimension.cpp">
			<Option target="Debug" />
			<Option target="Release" />
		</Unit>
		<Unit filename="sources/dimension.hpp">
			<Option target="Debug" />
			<Option target="Release" />
		</Unit>
		<Unit filename="sources/flags.cpp">
			<Option target="Debug" />
			<Option target="Release" />
		</Unit>
		<Unit filename="sources/flags.hpp">
			<Option target="Debug" />
			<Option target="Release" />
		</Unit>
		<Unit filename="sources/form/edgebanding.cpp">
			<Option target="Debug" />
			<Option target="Release" />
		</Unit>
		<Unit filename="sources/form/edgebanding.hpp">
			<Option target="Debug" />
			<Option target="Release" />
		</Unit>
		<Unit filename="sources/form/form.cpp">
			<Option target="Debug" />
			<Option target="Release" />
		</Unit>
		<Unit filename="sources/form/form.hpp">
			<Option target="Debug" />
			<Option target="Release" />
		</Unit>
		<Unit filename="sources/form/formsetup.cpp">
			<Option target="Debug" />
			<Option target="Release" />
		</Unit>
		<Unit filename="sources/form/formsetup.hpp">
			<Option target="Debug" />
			<Option target="Release" />
		</Unit>
		<Unit filename="sources/form/formsorter.cpp">
			<Option target="Debug" />
			<Option target="Release" />
		</Unit>
		<Unit filename="sources/form/formsorter.hpp">
			<Option target="Debug" />
			<Option target="Release" />
		</Unit>
		<Unit filename="sources/form/surface.cpp">
			<Option target="Debug" />
			<Option target="Release" />
		</Unit>
		<Unit filename="sources/form/surface.hpp">
			<Option target="Debug" />
			<Option target="Release" />
		</Unit>
		<Unit filename="sources/generalconverters.cpp">
			<Option target="Debug" />
			<Option target="Release" />
		</Unit>
		<Unit filename="sources/generalconverters.hpp">
			<Option target="Debug" />
			<Option target="Release" />
		</Unit>
		<Unit filename="sources/headers.hpp">
			<Option target="Debug" />
			<Option target="Release" />
		</Unit>
		<Unit filename="sources/main.cpp">
			<Option target="Debug" />
			<Option target="Release" />
		</Unit>
		<Unit filename="sources/position.cpp">
			<Option target="Debug" />
			<Option target="Release" />
		</Unit>
		<Unit filename="sources/position.hpp">
			<Option target="Debug" />
			<Option target="Release" />
		</Unit>
		<Unit filename="sources/saw/sawconfig.cfg">
			<Option target="Debug" />
			<Option target="Release" />
		</Unit>
		<Unit filename="sources/saw/sawconfig.cpp">
			<Option target="Debug" />
			<Option target="Release" />
		</Unit>
		<Unit filename="sources/saw/sawconfig.hpp">
			<Option target="Debug" />
			<Option target="Release" />
		</Unit>
		<Unit filename="sources/step.cpp">
			<Option target="Debug" />
			<Option target="Release" />
		</Unit>
		<Unit filename="sources/step.hpp">
			<Option target="Debug" />
			<Option target="Release" />
		</Unit>
		<Unit filename="version.h">
			<Option target="Debug" />
			<Option target="Release" />
		</Unit>
		<Extensions>
			<code_completion />
			<envvars />
			<debugger />
			<AutoVersioning>
				<Scheme minor_max="10" build_max="0" rev_max="0" rev_rand_max="10" build_times_to_increment_minor="100" />
				<Settings autoincrement="1" date_declarations="1" use_define="0" update_manifest="0" do_auto_increment="1" ask_to_increment="1" language="C++" svn="0" svn_directory="" header_path="version.h" />
				<Changes_Log show_changes_editor="0" app_title="released version %M.%m.%b of %p" changeslog_path="ChangesLog.txt" />
				<Code header_guard="VERSION_H" namespace="AutoVersion" prefix="" />
			</AutoVersioning>
		</Extensions>
	</Project>
</CodeBlocks_project_file>
